{
  "name": "Batch02-Day9_Multi-Agent_MCP-A2A",
  "lockfileVersion": 3,
  "requires": true,
  "packages": {
    "": {
      "dependencies": {
        "a2a": "^0.2.1"
      }
    },
    "node_modules/a2a": {
      "version": "0.2.1",
      "resolved": "https://registry.npmjs.org/a2a/-/a2a-0.2.1.tgz",
      "integrity": "sha512-1d5iV6tdMUMgME778RIzw+9F01HgAUJJWk3QRuf1M+oVnUHgoKMOuL2XOlt2DHA9s98XzMBPoc3E26VyhhhtsA==",
      "license": "Apache-2.0"
    }
  }
}
